// !$*UTF8*$!
{
	archiveVersion = 1;
	classes = {
	};
	objectVersion = 50;
	objects = {

/* Begin PBXBuildFile section */
		8649C6EC2514E6F5002C1243 /* StorageManager.swift in Sources */ = {isa = PBXBuildFile; fileRef = 8649C6EB2514E6F5002C1243 /* StorageManager.swift */; };
		8649C6EE2514EEEE002C1243 /* AlertController.swift in Sources */ = {isa = PBXBuildFile; fileRef = 8649C6ED2514EEEE002C1243 /* AlertController.swift */; };
		86A86B0C2513A524007440F9 /* AppDelegate.swift in Sources */ = {isa = PBXBuildFile; fileRef = 86A86B0B2513A524007440F9 /* AppDelegate.swift */; };
		86A86B102513A524007440F9 /* CarLIstViewController.swift in Sources */ = {isa = PBXBuildFile; fileRef = 86A86B0F2513A524007440F9 /* CarLIstViewController.swift */; };
		86A86B162513A524007440F9 /* CarDirectory.xcdatamodeld in Sources */ = {isa = PBXBuildFile; fileRef = 86A86B142513A524007440F9 /* CarDirectory.xcdatamodeld */; };
		86A86B182513A526007440F9 /* Assets.xcassets in Resources */ = {isa = PBXBuildFile; fileRef = 86A86B172513A526007440F9 /* Assets.xcassets */; };
		86A86B1B2513A526007440F9 /* LaunchScreen.storyboard in Resources */ = {isa = PBXBuildFile; fileRef = 86A86B192513A526007440F9 /* LaunchScreen.storyboard */; };
/* End PBXBuildFile section */

/* Begin PBXFileReference section */
		8609B2D32516316100B99B25 /* README.md */ = {isa = PBXFileReference; lastKnownFileType = net.daringfireball.markdown; path = README.md; sourceTree = "<group>"; };
		8649C6EB2514E6F5002C1243 /* StorageManager.swift */ = {isa = PBXFileReference; lastKnownFileType = sourcecode.swift; path = StorageManager.swift; sourceTree = "<group>"; };
		8649C6ED2514EEEE002C1243 /* AlertController.swift */ = {isa = PBXFileReference; lastKnownFileType = sourcecode.swift; path = AlertController.swift; sourceTree = "<group>"; };
		86A86B082513A524007440F9 /* CarDirectory.app */ = {isa = PBXFileReference; explicitFileType = wrapper.application; includeInIndex = 0; path = CarDirectory.app; sourceTree = BUILT_PRODUCTS_DIR; };
		86A86B0B2513A524007440F9 /* AppDelegate.swift */ = {isa = PBXFileReference; lastKnownFileType = sourcecode.swift; path = AppDelegate.swift; sourceTree = "<group>"; };
		86A86B0F2513A524007440F9 /* CarLIstViewController.swift */ = {isa = PBXFileReference; lastKnownFileType = sourcecode.swift; path = CarLIstViewController.swift; sourceTree = "<group>"; };
		86A86B152513A524007440F9 /* CarDirectory.xcdatamodel */ = {isa = PBXFileReference; lastKnownFileType = wrapper.xcdatamodel; path = CarDirectory.xcdatamodel; sourceTree = "<group>"; };
		86A86B172513A526007440F9 /* Assets.xcassets */ = {isa = PBXFileReference; lastKnownFileType = folder.assetcatalog; path = Assets.xcassets; sourceTree = "<group>"; };
		86A86B1A2513A526007440F9 /* Base */ = {isa = PBXFileReference; lastKnownFileType = file.storyboard; name = Base; path = Base.lproj/LaunchScreen.storyboard; sourceTree = "<group>"; };
		86A86B1C2513A526007440F9 /* Info.plist */ = {isa = PBXFileReference; lastKnownFileType = text.plist.xml; path = Info.plist; sourceTree = "<group>"; };
/* End PBXFileReference section */

/* Begin PBXFrameworksBuildPhase section */
		86A86B052513A524007440F9 /* Frameworks */ = {
			isa = PBXFrameworksBuildPhase;
			buildActionMask = 2147483647;
			files = (
			);
			runOnlyForDeploymentPostprocessing = 0;
		};
/* End PBXFrameworksBuildPhase section */

/* Begin PBXGroup section */
		86A86AFF2513A524007440F9 = {
			isa = PBXGroup;
			children = (
				8609B2D32516316100B99B25 /* README.md */,
				86A86B0A2513A524007440F9 /* CarDirectory */,
				86A86B092513A524007440F9 /* Products */,
			);
			sourceTree = "<group>";
		};
		86A86B092513A524007440F9 /* Products */ = {
			isa = PBXGroup;
			children = (
				86A86B082513A524007440F9 /* CarDirectory.app */,
			);
			name = Products;
			sourceTree = "<group>";
		};
		86A86B0A2513A524007440F9 /* CarDirectory */ = {
			isa = PBXGroup;
			children = (
				86A86B0B2513A524007440F9 /* AppDelegate.swift */,
				86A86B0F2513A524007440F9 /* CarLIstViewController.swift */,
				8649C6EB2514E6F5002C1243 /* StorageManager.swift */,
				8649C6ED2514EEEE002C1243 /* AlertController.swift */,
				86A86B172513A526007440F9 /* Assets.xcassets */,
				86A86B192513A526007440F9 /* LaunchScreen.storyboard */,
				86A86B1C2513A526007440F9 /* Info.plist */,
				86A86B142513A524007440F9 /* CarDirectory.xcdatamodeld */,
			);
			path = CarDirectory;
			sourceTree = "<group>";
		};
/* End PBXGroup section */

/* Begin PBXNativeTarget section */
		86A86B072513A524007440F9 /* CarDirectory */ = {
			isa = PBXNativeTarget;
			buildConfigurationList = 86A86B1F2513A526007440F9 /* Build configuration list for PBXNativeTarget "CarDirectory" */;
			buildPhases = (
				86A86B042513A524007440F9 /* Sources */,
				86A86B052513A524007440F9 /* Frameworks */,
				86A86B062513A524007440F9 /* Resources */,
			);
			buildRules = (
			);
			dependencies = (
			);
			name = CarDirectory;
			productName = CarDirectory;
			productReference = 86A86B082513A524007440F9 /* CarDirectory.app */;
			productType = "com.apple.product-type.application";
		};
/* End PBXNativeTarget section */

/* Begin PBXProject section */
		86A86B002513A524007440F9 /* Project object */ = {
			isa = PBXProject;
			attributes = {
				LastSwiftUpdateCheck = 1170;
				LastUpgradeCheck = 1170;
				ORGANIZATIONNAME = "Vladislav Cheremisov";
				TargetAttributes = {
					86A86B072513A524007440F9 = {
						CreatedOnToolsVersion = 11.7;
					};
				};
			};
			buildConfigurationList = 86A86B032513A524007440F9 /* Build configuration list for PBXProject "CarDirectory" */;
			compatibilityVersion = "Xcode 9.3";
			developmentRegion = en;
			hasScannedForEncodings = 0;
			knownRegions = (
				en,
				Base,
			);
			mainGroup = 86A86AFF2513A524007440F9;
			productRefGroup = 86A86B092513A524007440F9 /* Products */;
			projectDirPath = "";
			projectRoot = "";
			targets = (
				86A86B072513A524007440F9 /* CarDirectory */,
			);
		};
/* End PBXProject section */

/* Begin PBXResourcesBuildPhase section */
		86A86B062513A524007440F9 /* Resources */ = {
			isa = PBXResourcesBuildPhase;
			buildActionMask = 2147483647;
			files = (
				86A86B1B2513A526007440F9 /* LaunchScreen.storyboard in Resources */,
				86A86B182513A526007440F9 /* Assets.xcassets in Resources */,
			);
			runOnlyForDeploymentPostprocessing = 0;
		};
/* End PBXResourcesBuildPhase section */

/* Begin PBXSourcesBuildPhase section */
		86A86B042513A524007440F9 /* Sources */ = {
			isa = PBXSourcesBuildPhase;
			buildActionMask = 2147483647;
			files = (
				86A86B162513A524007440F9 /* CarDirectory.xcdatamodeld in Sources */,
				8649C6EC2514E6F5002C1243 /* StorageManager.swift in Sources */,
				86A86B102513A524007440F9 /* CarLIstViewController.swift in Sources */,
				8649C6EE2514EEEE002C1243 /* AlertController.swift in Sources */,
				86A86B0C2513A524007440F9 /* AppDelegate.swift in Sources */,
			);
			runOnlyForDeploymentPostprocessing = 0;
		};
/* End PBXSourcesBuildPhase section */

/* Begin PBXVariantGroup section */
		86A86B192513A526007440F9 /* LaunchScreen.storyboard */ = {
			isa = PBXVariantGroup;
			children = (
				86A86B1A2513A526007440F9 /* Base */,
			);
			name = LaunchScreen.storyboard;
			sourceTree = "<group>";
		};
/* End PBXVariantGroup section */

/* Begin XCBuildConfiguration section */
		86A86B1D2513A526007440F9 /* Debug */ = {
			isa = XCBuildConfiguration;
			buildSettings = {
				ALWAYS_SEARCH_USER_PATHS = NO;
				CLANG_ANALYZER_NONNULL = YES;
				CLANG_ANALYZER_NUMBER_OBJECT_CONVERSION = YES_AGGRESSIVE;
				CLANG_CXX_LANGUAGE_STANDARD = "gnu++14";
				CLANG_CXX_LIBRARY = "libc++";
				CLANG_ENABLE_MODULES = YES;
				CLANG_ENABLE_OBJC_ARC = YES;
				CLANG_ENABLE_OBJC_WEAK = YES;
				CLANG_WARN_BLOCK_CAPTURE_AUTORELEASING = YES;
				CLANG_WARN_BOOL_CONVERSION = YES;
				CLANG_WARN_COMMA = YES;
				CLANG_WARN_CONSTANT_CONVERSION = YES;
				CLANG_WARN_DEPRECATED_OBJC_IMPLEMENTATIONS = YES;
				CLANG_WARN_DIRECT_OBJC_ISA_USAGE = YES_ERROR;
				CLANG_WARN_DOCUMENTATION_COMMENTS = YES;
				CLANG_WARN_EMPTY_BODY = YES;
				CLANG_WARN_ENUM_CONVERSION = YES;
				CLANG_WARN_INFINITE_RECURSION = YES;
				CLANG_WARN_INT_CONVERSION = YES;
				CLANG_WARN_NON_LITERAL_NULL_CONVERSION = YES;
				CLANG_WARN_OBJC_IMPLICIT_RETAIN_SELF = YES;
				CLANG_WARN_OBJC_LITERAL_CONVERSION = YES;
				CLANG_WARN_OBJC_ROOT_CLASS = YES_ERROR;
				CLANG_WARN_RANGE_LOOP_ANALYSIS = YES;
				CLANG_WARN_STRICT_PROTOTYPES = YES;
				CLANG_WARN_SUSPICIOUS_MOVE = YES;
				CLANG_WARN_UNGUARDED_AVAILABILITY = YES_AGGRESSIVE;
				CLANG_WARN_UNREACHABLE_CODE = YES;
				CLANG_WARN__DUPLICATE_METHOD_MATCH = YES;
				COPY_PHASE_STRIP = NO;
				DEBUG_INFORMATION_FORMAT = dwarf;
				ENABLE_STRICT_OBJC_MSGSEND = YES;
				ENABLE_TESTABILITY = YES;
				GCC_C_LANGUAGE_STANDARD = gnu11;
				GCC_DYNAMIC_NO_PIC = NO;
				GCC_NO_COMMON_BLOCKS = YES;
				GCC_OPTIMIZATION_LEVEL = 0;
				GCC_PREPROCESSOR_DEFINITIONS = (
					"DEBUG=1",
					"$(inherited)",
				);
				GCC_WARN_64_TO_32_BIT_CONVERSION = YES;
				GCC_WARN_ABOUT_RETURN_TYPE = YES_ERROR;
				GCC_WARN_UNDECLARED_SELECTOR = YES;
				GCC_WARN_UNINITIALIZED_AUTOS = YES_AGGRESSIVE;
				GCC_WARN_UNUSED_FUNCTION = YES;
				GCC_WARN_UNUSED_VARIABLE = YES;
				IPHONEOS_DEPLOYMENT_TARGET = 13.7;
				MTL_ENABLE_DEBUG_INFO = INCLUDE_SOURCE;
				MTL_FAST_MATH = YES;
				ONLY_ACTIVE_ARCH = YES;
				SDKROOT = iphoneos;
				SWIFT_ACTIVE_COMPILATION_CONDITIONS = DEBUG;
				SWIFT_OPTIMIZATION_LEVEL = "-Onone";
			};
			name = Debug;
		};
		86A86B1E2513A526007440F9 /* Release */ = {
			isa = XCBuildConfiguration;
			buildSettings = {
				ALWAYS_SEARCH_USER_PATHS = NO;
				CLANG_ANALYZER_NONNULL = YES;
				CLANG_ANALYZER_NUMBER_OBJECT_CONVERSION = YES_AGGRESSIVE;
				CLANG_CXX_LANGUAGE_STANDARD = "gnu++14";
				CLANG_CXX_LIBRARY = "libc++";
				CLANG_ENABLE_MODULES = YES;
				CLANG_ENABLE_OBJC_ARC = YES;
				CLANG_ENABLE_OBJC_WEAK = YES;
				CLANG_WARN_BLOCK_CAPTURE_AUTORELEASING = YES;
				CLANG_WARN_BOOL_CONVERSION = YES;
				CLANG_WARN_COMMA = YES;
				CLANG_WARN_CONSTANT_CONVERSION = YES;
				CLANG_WARN_DEPRECATED_OBJC_IMPLEMENTATIONS = YES;
				CLANG_WARN_DIRECT_OBJC_ISA_USAGE = YES_ERROR;
				CLANG_WARN_DOCUMENTATION_COMMENTS = YES;
				CLANG_WARN_EMPTY_BODY = YES;
				CLANG_WARN_ENUM_CONVERSION = YES;
				CLANG_WARN_INFINITE_RECURSION = YES;
				CLANG_WARN_INT_CONVERSION = YES;
				CLANG_WARN_NON_LITERAL_NULL_CONVERSION = YES;
				CLANG_WARN_OBJC_IMPLICIT_RETAIN_SELF = YES;
				CLANG_WARN_OBJC_LITERAL_CONVERSION = YES;
				CLANG_WARN_OBJC_ROOT_CLASS = YES_ERROR;
				CLANG_WARN_RANGE_LOOP_ANALYSIS = YES;
				CLANG_WARN_STRICT_PROTOTYPES = YES;
				CLANG_WARN_SUSPICIOUS_MOVE = YES;
				CLANG_WARN_UNGUARDED_AVAILABILITY = YES_AGGRESSIVE;
				CLANG_WARN_UNREACHABLE_CODE = YES;
				CLANG_WARN__DUPLICATE_METHOD_MATCH = YES;
				COPY_PHASE_STRIP = NO;
				DEBUG_INFORMATION_FORMAT = "dwarf-with-dsym";
				ENABLE_NS_ASSERTIONS = NO;
				ENABLE_STRICT_OBJC_MSGSEND = YES;
				GCC_C_LANGUAGE_STANDARD = gnu11;
				GCC_NO_COMMON_BLOCKS = YES;
				GCC_WARN_64_TO_32_BIT_CONVERSION = YES;
				GCC_WARN_ABOUT_RETURN_TYPE = YES_ERROR;
				GCC_WARN_UNDECLARED_SELECTOR = YES;
				GCC_WARN_UNINITIALIZED_AUTOS = YES_AGGRESSIVE;
				GCC_WARN_UNUSED_FUNCTION = YES;
				GCC_WARN_UNUSED_VARIABLE = YES;
				IPHONEOS_DEPLOYMENT_TARGET = 13.7;
				MTL_ENABLE_DEBUG_INFO = NO;
				MTL_FAST_MATH = YES;
				SDKROOT = iphoneos;
				SWIFT_COMPILATION_MODE = wholemodule;
				SWIFT_OPTIMIZATION_LEVEL = "-O";
				VALIDATE_PRODUCT = YES;
			};
			name = Release;
		};
		86A86B202513A526007440F9 /* Debug */ = {
			isa = XCBuildConfiguration;
			buildSettings = {
				ASSETCATALOG_COMPILER_APPICON_NAME = AppIcon;
				CODE_SIGN_STYLE = Automatic;
				DEVELOPMENT_TEAM = D28YKYJC2T;
				INFOPLIST_FILE = CarDirectory/Info.plist;
				LD_RUNPATH_SEARCH_PATHS = (
					"$(inherited)",
					"@executable_path/Frameworks",
				);
				PRODUCT_BUNDLE_IDENTIFIER = ru.vladislavcheremisov.CarDirectory;
				PRODUCT_NAME = "$(TARGET_NAME)";
				SWIFT_VERSION = 5.0;
				TARGETED_DEVICE_FAMILY = "1,2";
			};
			name = Debug;
		};
		86A86B212513A526007440F9 /* Release */ = {
			isa = XCBuildConfiguration;
			buildSettings = {
				ASSETCATALOG_COMPILER_APPICON_NAME = AppIcon;
				CODE_SIGN_STYLE = Automatic;
				DEVELOPMENT_TEAM = D28YKYJC2T;
				INFOPLIST_FILE = CarDirectory/Info.plist;
				LD_RUNPATH_SEARCH_PATHS = (
					"$(inherited)",
					"@executable_path/Frameworks",
				);
				PRODUCT_BUNDLE_IDENTIFIER = ru.vladislavcheremisov.CarDirectory;
				PRODUCT_NAME = "$(TARGET_NAME)";
				SWIFT_VERSION = 5.0;
				TARGETED_DEVICE_FAMILY = "1,2";
			};
			name = Release;
		};
/* End XCBuildConfiguration section */

/* Begin XCConfigurationList section */
		86A86B032513A524007440F9 /* Build configuration list for PBXProject "CarDirectory" */ = {
			isa = XCConfigurationList;
			buildConfigurations = (
				86A86B1D2513A526007440F9 /* Debug */,
				86A86B1E2513A526007440F9 /* Release */,
			);
			defaultConfigurationIsVisible = 0;
			defaultConfigurationName = Release;
		};
		86A86B1F2513A526007440F9 /* Build configuration list for PBXNativeTarget "CarDirectory" */ = {
			isa = XCConfigurationList;
			buildConfigurations = (
				86A86B202513A526007440F9 /* Debug */,
				86A86B212513A526007440F9 /* Release */,
			);
			defaultConfigurationIsVisible = 0;
			defaultConfigurationName = Release;
		};
/* End XCConfigurationList section */

/* Begin XCVersionGroup section */
		86A86B142513A524007440F9 /* CarDirectory.xcdatamodeld */ = {
			isa = XCVersionGroup;
			children = (
				86A86B152513A524007440F9 /* CarDirectory.xcdatamodel */,
			);
			currentVersion = 86A86B152513A524007440F9 /* CarDirectory.xcdatamodel */;
			path = CarDirectory.xcdatamodeld;
			sourceTree = "<group>";
			versionGroupType = wrapper.xcdatamodel;
		};
/* End XCVersionGroup section */
	};
	rootObject = 86A86B002513A524007440F9 /* Project object */;
}
